
Microsoft Visual Studio Solution File, Format Version 12.00
# Visual Studio 15
VisualStudioVersion = 15.0.28307.1022
MinimumVisualStudioVersion = 10.0.40219.1
Project("{FAE04EC0-301F-11D3-BF4B-00C04F79EFBC}") = "Weir.Synertrex.ERPS.Api", "Weir.Synertrex.ERPS.Api\Weir.Synertrex.ERPS.Api.csproj", "{46A19B4B-0777-411C-BA76-A242E2F1E598}"
EndProject
Global
	GlobalSection(SolutionConfigurationPlatforms) = preSolution
		Debug|Any CPU = Debug|Any CPU
		Release|Any CPU = Release|Any CPU
	EndGlobalSection
	GlobalSection(ProjectConfigurationPlatforms) = postSolution
		{46A19B4B-0777-411C-BA76-A242E2F1E598}.Debug|Any CPU.ActiveCfg = Debug|Any CPU
		{46A19B4B-0777-411C-BA76-A242E2F1E598}.Debug|Any CPU.Build.0 = Debug|Any CPU
		{46A19B4B-0777-411C-BA76-A242E2F1E598}.Release|Any CPU.ActiveCfg = Release|Any CPU
		{46A19B4B-0777-411C-BA76-A242E2F1E598}.Release|Any CPU.Build.0 = Release|Any CPU
	EndGlobalSection
	GlobalSection(SolutionProperties) = preSolution
		HideSolutionNode = FALSE
	EndGlobalSection
	GlobalSection(ExtensibilityGlobals) = postSolution
		SolutionGuid = {61754DD1-1257-415E-A95D-A24F32F326AB}
	EndGlobalSection
EndGlobal
